// !$*UTF8*$!
{
	archiveVersion = 1;
	classes = {
	};
	objectVersion = 48;
	objects = {

/* Begin PBXBuildFile section */
		78397B72206D145800621B28 /* AsyncButton.swift in Sources */ = {isa = PBXBuildFile; fileRef = 78397B54206D145800621B28 /* AsyncButton.swift */; };
		78397B73206D145800621B28 /* AsyncImageView.swift in Sources */ = {isa = PBXBuildFile; fileRef = 78397B55206D145800621B28 /* AsyncImageView.swift */; };
		78397B74206D145800621B28 /* AutoTextView.swift in Sources */ = {isa = PBXBuildFile; fileRef = 78397B56206D145800621B28 /* AutoTextView.swift */; };
		78397B75206D145800621B28 /* BlurView.swift in Sources */ = {isa = PBXBuildFile; fileRef = 78397B57206D145800621B28 /* BlurView.swift */; };
		78397B76206D145800621B28 /* DesignableButton.swift in Sources */ = {isa = PBXBuildFile; fileRef = 78397B58206D145800621B28 /* DesignableButton.swift */; };
		78397B77206D145800621B28 /* DesignableImageView.swift in Sources */ = {isa = PBXBuildFile; fileRef = 78397B59206D145800621B28 /* DesignableImageView.swift */; };
		78397B78206D145800621B28 /* DesignableLabel.swift in Sources */ = {isa = PBXBuildFile; fileRef = 78397B5A206D145800621B28 /* DesignableLabel.swift */; };
		78397B79206D145800621B28 /* DesignableTabBarController.swift in Sources */ = {isa = PBXBuildFile; fileRef = 78397B5B206D145800621B28 /* DesignableTabBarController.swift */; };
		78397B7A206D145800621B28 /* DesignableTextField.swift in Sources */ = {isa = PBXBuildFile; fileRef = 78397B5C206D145800621B28 /* DesignableTextField.swift */; };
		78397B7B206D145800621B28 /* DesignableTextView.swift in Sources */ = {isa = PBXBuildFile; fileRef = 78397B5D206D145800621B28 /* DesignableTextView.swift */; };
		78397B7C206D145800621B28 /* DesignableView.swift in Sources */ = {isa = PBXBuildFile; fileRef = 78397B5E206D145800621B28 /* DesignableView.swift */; };
		78397B7D206D145800621B28 /* ImageLoader.swift in Sources */ = {isa = PBXBuildFile; fileRef = 78397B5F206D145800621B28 /* ImageLoader.swift */; };
		78397B7F206D145800621B28 /* KeyboardLayoutConstraint.swift in Sources */ = {isa = PBXBuildFile; fileRef = 78397B61206D145800621B28 /* KeyboardLayoutConstraint.swift */; };
		78397B80206D145800621B28 /* LoadingView.swift in Sources */ = {isa = PBXBuildFile; fileRef = 78397B62206D145800621B28 /* LoadingView.swift */; };
		78397B81206D145800621B28 /* LoadingView.xib in Resources */ = {isa = PBXBuildFile; fileRef = 78397B63206D145800621B28 /* LoadingView.xib */; };
		78397B82206D145800621B28 /* Misc.swift in Sources */ = {isa = PBXBuildFile; fileRef = 78397B64206D145800621B28 /* Misc.swift */; };
		78397B83206D145800621B28 /* SoundPlayer.swift in Sources */ = {isa = PBXBuildFile; fileRef = 78397B65206D145800621B28 /* SoundPlayer.swift */; };
		78397B84206D145800621B28 /* Spring.swift in Sources */ = {isa = PBXBuildFile; fileRef = 78397B67206D145800621B28 /* Spring.swift */; };
		78397B85206D145800621B28 /* SpringAnimation.swift in Sources */ = {isa = PBXBuildFile; fileRef = 78397B68206D145800621B28 /* SpringAnimation.swift */; };
		78397B86206D145800621B28 /* SpringButton.swift in Sources */ = {isa = PBXBuildFile; fileRef = 78397B69206D145800621B28 /* SpringButton.swift */; };
		78397B87206D145800621B28 /* SpringImageView.swift in Sources */ = {isa = PBXBuildFile; fileRef = 78397B6A206D145800621B28 /* SpringImageView.swift */; };
		78397B88206D145800621B28 /* SpringLabel.swift in Sources */ = {isa = PBXBuildFile; fileRef = 78397B6B206D145800621B28 /* SpringLabel.swift */; };
		78397B89206D145800621B28 /* SpringTextField.swift in Sources */ = {isa = PBXBuildFile; fileRef = 78397B6C206D145800621B28 /* SpringTextField.swift */; };
		78397B8A206D145800621B28 /* SpringTextView.swift in Sources */ = {isa = PBXBuildFile; fileRef = 78397B6D206D145800621B28 /* SpringTextView.swift */; };
		78397B8B206D145800621B28 /* SpringView.swift in Sources */ = {isa = PBXBuildFile; fileRef = 78397B6E206D145800621B28 /* SpringView.swift */; };
		78397B8C206D145800621B28 /* TransitionManager.swift in Sources */ = {isa = PBXBuildFile; fileRef = 78397B6F206D145800621B28 /* TransitionManager.swift */; };
		78397B8D206D145800621B28 /* TransitionZoom.swift in Sources */ = {isa = PBXBuildFile; fileRef = 78397B70206D145800621B28 /* TransitionZoom.swift */; };
		78397B8E206D145800621B28 /* UnwindSegue.swift in Sources */ = {isa = PBXBuildFile; fileRef = 78397B71206D145800621B28 /* UnwindSegue.swift */; };
		78819B0A1F93FFFD008B6811 /* AppDelegate.swift in Sources */ = {isa = PBXBuildFile; fileRef = 78819B091F93FFFD008B6811 /* AppDelegate.swift */; };
		78819B0C1F93FFFD008B6811 /* ViewController.swift in Sources */ = {isa = PBXBuildFile; fileRef = 78819B0B1F93FFFD008B6811 /* ViewController.swift */; };
		78819B0F1F93FFFD008B6811 /* Main.storyboard in Resources */ = {isa = PBXBuildFile; fileRef = 78819B0D1F93FFFD008B6811 /* Main.storyboard */; };
		78819B111F93FFFD008B6811 /* Assets.xcassets in Resources */ = {isa = PBXBuildFile; fileRef = 78819B101F93FFFD008B6811 /* Assets.xcassets */; };
		78819B141F93FFFD008B6811 /* LaunchScreen.storyboard in Resources */ = {isa = PBXBuildFile; fileRef = 78819B121F93FFFD008B6811 /* LaunchScreen.storyboard */; };
		78A4E0AE21584961001346E3 /* Interface.storyboard in Resources */ = {isa = PBXBuildFile; fileRef = 78A4E0AC21584961001346E3 /* Interface.storyboard */; };
		78A4E0B021584961001346E3 /* Assets.xcassets in Resources */ = {isa = PBXBuildFile; fileRef = 78A4E0AF21584961001346E3 /* Assets.xcassets */; };
		78A4E0B721584961001346E3 /* KJVWatch Extension.appex in Embed App Extensions */ = {isa = PBXBuildFile; fileRef = 78A4E0B621584961001346E3 /* KJVWatch Extension.appex */; settings = {ATTRIBUTES = (RemoveHeadersOnCopy, ); }; };
		78A4E0BC21584961001346E3 /* InterfaceController.swift in Sources */ = {isa = PBXBuildFile; fileRef = 78A4E0BB21584961001346E3 /* InterfaceController.swift */; };
		78A4E0BE21584961001346E3 /* ExtensionDelegate.swift in Sources */ = {isa = PBXBuildFile; fileRef = 78A4E0BD21584961001346E3 /* ExtensionDelegate.swift */; };
		78A4E0C021584961001346E3 /* NotificationController.swift in Sources */ = {isa = PBXBuildFile; fileRef = 78A4E0BF21584961001346E3 /* NotificationController.swift */; };
		78A4E0C221584961001346E3 /* Assets.xcassets in Resources */ = {isa = PBXBuildFile; fileRef = 78A4E0C121584961001346E3 /* Assets.xcassets */; };
		78A4E0C721584961001346E3 /* KJVWatch.app in Embed Watch Content */ = {isa = PBXBuildFile; fileRef = 78A4E0AA21584960001346E3 /* KJVWatch.app */; };
		78B86C9A2158A90300859883 /* QuoteProvider.swift in Sources */ = {isa = PBXBuildFile; fileRef = 78819B1B1F940026008B6811 /* QuoteProvider.swift */; };
		78C926242158AF3C00736222 /* QuoteProvider.swift in Sources */ = {isa = PBXBuildFile; fileRef = 78819B1B1F940026008B6811 /* QuoteProvider.swift */; };
		78F19E7F2158B93300C256E8 /* NotificationCenter.framework in Frameworks */ = {isa = PBXBuildFile; fileRef = 78F19E7E2158B93300C256E8 /* NotificationCenter.framework */; };
		78F19E822158B93300C256E8 /* TodayViewController.swift in Sources */ = {isa = PBXBuildFile; fileRef = 78F19E812158B93300C256E8 /* TodayViewController.swift */; };
		78F19E852158B93300C256E8 /* MainInterface.storyboard in Resources */ = {isa = PBXBuildFile; fileRef = 78F19E832158B93300C256E8 /* MainInterface.storyboard */; };
		78F19E892158B93300C256E8 /* KJVToday.appex in Embed App Extensions */ = {isa = PBXBuildFile; fileRef = 78F19E7C2158B93300C256E8 /* KJVToday.appex */; settings = {ATTRIBUTES = (RemoveHeadersOnCopy, ); }; };
		78F19E8E2158B95100C256E8 /* QuoteProvider.swift in Sources */ = {isa = PBXBuildFile; fileRef = 78819B1B1F940026008B6811 /* QuoteProvider.swift */; };
/* End PBXBuildFile section */

/* Begin PBXContainerItemProxy section */
		78A4E0B821584961001346E3 /* PBXContainerItemProxy */ = {
			isa = PBXContainerItemProxy;
			containerPortal = 78819AFE1F93FFFD008B6811 /* Project object */;
			proxyType = 1;
			remoteGlobalIDString = 78A4E0B521584961001346E3;
			remoteInfo = "KJVWatch Extension";
		};
		78A4E0C521584961001346E3 /* PBXContainerItemProxy */ = {
			isa = PBXContainerItemProxy;
			containerPortal = 78819AFE1F93FFFD008B6811 /* Project object */;
			proxyType = 1;
			remoteGlobalIDString = 78A4E0A921584960001346E3;
			remoteInfo = KJVWatch;
		};
		78F19E872158B93300C256E8 /* PBXContainerItemProxy */ = {
			isa = PBXContainerItemProxy;
			containerPortal = 78819AFE1F93FFFD008B6811 /* Project object */;
			proxyType = 1;
			remoteGlobalIDString = 78F19E7B2158B93300C256E8;
			remoteInfo = KJVToday;
		};
/* End PBXContainerItemProxy section */

/* Begin PBXCopyFilesBuildPhase section */
		78A4E0CD21584961001346E3 /* Embed App Extensions */ = {
			isa = PBXCopyFilesBuildPhase;
			buildActionMask = 2147483647;
			dstPath = "";
			dstSubfolderSpec = 13;
			files = (
				78A4E0B721584961001346E3 /* KJVWatch Extension.appex in Embed App Extensions */,
			);
			name = "Embed App Extensions";
			runOnlyForDeploymentPostprocessing = 0;
		};
		78A4E0CF21584961001346E3 /* Embed Watch Content */ = {
			isa = PBXCopyFilesBuildPhase;
			buildActionMask = 2147483647;
			dstPath = "$(CONTENTS_FOLDER_PATH)/Watch";
			dstSubfolderSpec = 16;
			files = (
				78A4E0C721584961001346E3 /* KJVWatch.app in Embed Watch Content */,
			);
			name = "Embed Watch Content";
			runOnlyForDeploymentPostprocessing = 0;
		};
		78F19E8D2158B93300C256E8 /* Embed App Extensions */ = {
			isa = PBXCopyFilesBuildPhase;
			buildActionMask = 2147483647;
			dstPath = "";
			dstSubfolderSpec = 13;
			files = (
				78F19E892158B93300C256E8 /* KJVToday.appex in Embed App Extensions */,
			);
			name = "Embed App Extensions";
			runOnlyForDeploymentPostprocessing = 0;
		};
/* End PBXCopyFilesBuildPhase section */

/* Begin PBXFileReference section */
		78397B54206D145800621B28 /* AsyncButton.swift */ = {isa = PBXFileReference; fileEncoding = 4; lastKnownFileType = sourcecode.swift; path = AsyncButton.swift; sourceTree = "<group>"; };
		78397B55206D145800621B28 /* AsyncImageView.swift */ = {isa = PBXFileReference; fileEncoding = 4; lastKnownFileType = sourcecode.swift; path = AsyncImageView.swift; sourceTree = "<group>"; };
		78397B56206D145800621B28 /* AutoTextView.swift */ = {isa = PBXFileReference; fileEncoding = 4; lastKnownFileType = sourcecode.swift; path = AutoTextView.swift; sourceTree = "<group>"; };
		78397B57206D145800621B28 /* BlurView.swift */ = {isa = PBXFileReference; fileEncoding = 4; lastKnownFileType = sourcecode.swift; path = BlurView.swift; sourceTree = "<group>"; };
		78397B58206D145800621B28 /* DesignableButton.swift */ = {isa = PBXFileReference; fileEncoding = 4; lastKnownFileType = sourcecode.swift; path = DesignableButton.swift; sourceTree = "<group>"; };
		78397B59206D145800621B28 /* DesignableImageView.swift */ = {isa = PBXFileReference; fileEncoding = 4; lastKnownFileType = sourcecode.swift; path = DesignableImageView.swift; sourceTree = "<group>"; };
		78397B5A206D145800621B28 /* DesignableLabel.swift */ = {isa = PBXFileReference; fileEncoding = 4; lastKnownFileType = sourcecode.swift; path = DesignableLabel.swift; sourceTree = "<group>"; };
		78397B5B206D145800621B28 /* DesignableTabBarController.swift */ = {isa = PBXFileReference; fileEncoding = 4; lastKnownFileType = sourcecode.swift; path = DesignableTabBarController.swift; sourceTree = "<group>"; };
		78397B5C206D145800621B28 /* DesignableTextField.swift */ = {isa = PBXFileReference; fileEncoding = 4; lastKnownFileType = sourcecode.swift; path = DesignableTextField.swift; sourceTree = "<group>"; };
		78397B5D206D145800621B28 /* DesignableTextView.swift */ = {isa = PBXFileReference; fileEncoding = 4; lastKnownFileType = sourcecode.swift; path = DesignableTextView.swift; sourceTree = "<group>"; };
		78397B5E206D145800621B28 /* DesignableView.swift */ = {isa = PBXFileReference; fileEncoding = 4; lastKnownFileType = sourcecode.swift; path = DesignableView.swift; sourceTree = "<group>"; };
		78397B5F206D145800621B28 /* ImageLoader.swift */ = {isa = PBXFileReference; fileEncoding = 4; lastKnownFileType = sourcecode.swift; path = ImageLoader.swift; sourceTree = "<group>"; };
		78397B61206D145800621B28 /* KeyboardLayoutConstraint.swift */ = {isa = PBXFileReference; fileEncoding = 4; lastKnownFileType = sourcecode.swift; path = KeyboardLayoutConstraint.swift; sourceTree = "<group>"; };
		78397B62206D145800621B28 /* LoadingView.swift */ = {isa = PBXFileReference; fileEncoding = 4; lastKnownFileType = sourcecode.swift; path = LoadingView.swift; sourceTree = "<group>"; };
		78397B63206D145800621B28 /* LoadingView.xib */ = {isa = PBXFileReference; fileEncoding = 4; lastKnownFileType = file.xib; path = LoadingView.xib; sourceTree = "<group>"; };
		78397B64206D145800621B28 /* Misc.swift */ = {isa = PBXFileReference; fileEncoding = 4; lastKnownFileType = sourcecode.swift; path = Misc.swift; sourceTree = "<group>"; };
		78397B65206D145800621B28 /* SoundPlayer.swift */ = {isa = PBXFileReference; fileEncoding = 4; lastKnownFileType = sourcecode.swift; path = SoundPlayer.swift; sourceTree = "<group>"; };
		78397B67206D145800621B28 /* Spring.swift */ = {isa = PBXFileReference; fileEncoding = 4; lastKnownFileType = sourcecode.swift; path = Spring.swift; sourceTree = "<group>"; };
		78397B68206D145800621B28 /* SpringAnimation.swift */ = {isa = PBXFileReference; fileEncoding = 4; lastKnownFileType = sourcecode.swift; path = SpringAnimation.swift; sourceTree = "<group>"; };
		78397B69206D145800621B28 /* SpringButton.swift */ = {isa = PBXFileReference; fileEncoding = 4; lastKnownFileType = sourcecode.swift; path = SpringButton.swift; sourceTree = "<group>"; };
		78397B6A206D145800621B28 /* SpringImageView.swift */ = {isa = PBXFileReference; fileEncoding = 4; lastKnownFileType = sourcecode.swift; path = SpringImageView.swift; sourceTree = "<group>"; };
		78397B6B206D145800621B28 /* SpringLabel.swift */ = {isa = PBXFileReference; fileEncoding = 4; lastKnownFileType = sourcecode.swift; path = SpringLabel.swift; sourceTree = "<group>"; };
		78397B6C206D145800621B28 /* SpringTextField.swift */ = {isa = PBXFileReference; fileEncoding = 4; lastKnownFileType = sourcecode.swift; path = SpringTextField.swift; sourceTree = "<group>"; };
		78397B6D206D145800621B28 /* SpringTextView.swift */ = {isa = PBXFileReference; fileEncoding = 4; lastKnownFileType = sourcecode.swift; path = SpringTextView.swift; sourceTree = "<group>"; };
		78397B6E206D145800621B28 /* SpringView.swift */ = {isa = PBXFileReference; fileEncoding = 4; lastKnownFileType = sourcecode.swift; path = SpringView.swift; sourceTree = "<group>"; };
		78397B6F206D145800621B28 /* TransitionManager.swift */ = {isa = PBXFileReference; fileEncoding = 4; lastKnownFileType = sourcecode.swift; path = TransitionManager.swift; sourceTree = "<group>"; };
		78397B70206D145800621B28 /* TransitionZoom.swift */ = {isa = PBXFileReference; fileEncoding = 4; lastKnownFileType = sourcecode.swift; path = TransitionZoom.swift; sourceTree = "<group>"; };
		78397B71206D145800621B28 /* UnwindSegue.swift */ = {isa = PBXFileReference; fileEncoding = 4; lastKnownFileType = sourcecode.swift; path = UnwindSegue.swift; sourceTree = "<group>"; };
		78819B061F93FFFD008B6811 /* KJVQuotes.app */ = {isa = PBXFileReference; explicitFileType = wrapper.application; includeInIndex = 0; path = KJVQuotes.app; sourceTree = BUILT_PRODUCTS_DIR; };
		78819B091F93FFFD008B6811 /* AppDelegate.swift */ = {isa = PBXFileReference; lastKnownFileType = sourcecode.swift; path = AppDelegate.swift; sourceTree = "<group>"; };
		78819B0B1F93FFFD008B6811 /* ViewController.swift */ = {isa = PBXFileReference; lastKnownFileType = sourcecode.swift; path = ViewController.swift; sourceTree = "<group>"; };
		78819B0E1F93FFFD008B6811 /* Base */ = {isa = PBXFileReference; lastKnownFileType = file.storyboard; name = Base; path = Base.lproj/Main.storyboard; sourceTree = "<group>"; };
		78819B101F93FFFD008B6811 /* Assets.xcassets */ = {isa = PBXFileReference; lastKnownFileType = folder.assetcatalog; path = Assets.xcassets; sourceTree = "<group>"; };
		78819B131F93FFFD008B6811 /* Base */ = {isa = PBXFileReference; lastKnownFileType = file.storyboard; name = Base; path = Base.lproj/LaunchScreen.storyboard; sourceTree = "<group>"; };
		78819B151F93FFFD008B6811 /* Info.plist */ = {isa = PBXFileReference; lastKnownFileType = text.plist.xml; path = Info.plist; sourceTree = "<group>"; };
		78819B1B1F940026008B6811 /* QuoteProvider.swift */ = {isa = PBXFileReference; lastKnownFileType = sourcecode.swift; path = QuoteProvider.swift; sourceTree = "<group>"; };
		78A4E0AA21584960001346E3 /* KJVWatch.app */ = {isa = PBXFileReference; explicitFileType = wrapper.application; includeInIndex = 0; path = KJVWatch.app; sourceTree = BUILT_PRODUCTS_DIR; };
		78A4E0AD21584961001346E3 /* Base */ = {isa = PBXFileReference; lastKnownFileType = file.storyboard; name = Base; path = Base.lproj/Interface.storyboard; sourceTree = "<group>"; };
		78A4E0AF21584961001346E3 /* Assets.xcassets */ = {isa = PBXFileReference; lastKnownFileType = folder.assetcatalog; path = Assets.xcassets; sourceTree = "<group>"; };
		78A4E0B121584961001346E3 /* Info.plist */ = {isa = PBXFileReference; lastKnownFileType = text.plist.xml; path = Info.plist; sourceTree = "<group>"; };
		78A4E0B621584961001346E3 /* KJVWatch Extension.appex */ = {isa = PBXFileReference; explicitFileType = "wrapper.app-extension"; includeInIndex = 0; path = "KJVWatch Extension.appex"; sourceTree = BUILT_PRODUCTS_DIR; };
		78A4E0BB21584961001346E3 /* InterfaceController.swift */ = {isa = PBXFileReference; lastKnownFileType = sourcecode.swift; path = InterfaceController.swift; sourceTree = "<group>"; };
		78A4E0BD21584961001346E3 /* ExtensionDelegate.swift */ = {isa = PBXFileReference; lastKnownFileType = sourcecode.swift; path = ExtensionDelegate.swift; sourceTree = "<group>"; };
		78A4E0BF21584961001346E3 /* NotificationController.swift */ = {isa = PBXFileReference; lastKnownFileType = sourcecode.swift; path = NotificationController.swift; sourceTree = "<group>"; };
		78A4E0C121584961001346E3 /* Assets.xcassets */ = {isa = PBXFileReference; lastKnownFileType = folder.assetcatalog; path = Assets.xcassets; sourceTree = "<group>"; };
		78A4E0C321584961001346E3 /* Info.plist */ = {isa = PBXFileReference; lastKnownFileType = text.plist.xml; path = Info.plist; sourceTree = "<group>"; };
		78A4E0C421584961001346E3 /* PushNotificationPayload.apns */ = {isa = PBXFileReference; lastKnownFileType = text; path = PushNotificationPayload.apns; sourceTree = "<group>"; };
		78F19E7C2158B93300C256E8 /* KJVToday.appex */ = {isa = PBXFileReference; explicitFileType = "wrapper.app-extension"; includeInIndex = 0; path = KJVToday.appex; sourceTree = BUILT_PRODUCTS_DIR; };
		78F19E7E2158B93300C256E8 /* NotificationCenter.framework */ = {isa = PBXFileReference; lastKnownFileType = wrapper.framework; name = NotificationCenter.framework; path = System/Library/Frameworks/NotificationCenter.framework; sourceTree = SDKROOT; };
		78F19E812158B93300C256E8 /* TodayViewController.swift */ = {isa = PBXFileReference; lastKnownFileType = sourcecode.swift; path = TodayViewController.swift; sourceTree = "<group>"; };
		78F19E842158B93300C256E8 /* Base */ = {isa = PBXFileReference; lastKnownFileType = file.storyboard; name = Base; path = Base.lproj/MainInterface.storyboard; sourceTree = "<group>"; };
		78F19E862158B93300C256E8 /* Info.plist */ = {isa = PBXFileReference; lastKnownFileType = text.plist.xml; path = Info.plist; sourceTree = "<group>"; };
/* End PBXFileReference section */

/* Begin PBXFrameworksBuildPhase section */
		78819B031F93FFFD008B6811 /* Frameworks */ = {
			isa = PBXFrameworksBuildPhase;
			buildActionMask = 2147483647;
			files = (
			);
			runOnlyForDeploymentPostprocessing = 0;
		};
		78A4E0B321584961001346E3 /* Frameworks */ = {
			isa = PBXFrameworksBuildPhase;
			buildActionMask = 2147483647;
			files = (
			);
			runOnlyForDeploymentPostprocessing = 0;
		};
		78F19E792158B93300C256E8 /* Frameworks */ = {
			isa = PBXFrameworksBuildPhase;
			buildActionMask = 2147483647;
			files = (
				78F19E7F2158B93300C256E8 /* NotificationCenter.framework in Frameworks */,
			);
			runOnlyForDeploymentPostprocessing = 0;
		};
/* End PBXFrameworksBuildPhase section */

/* Begin PBXGroup section */
		78397B53206D145800621B28 /* Spring */ = {
			isa = PBXGroup;
			children = (
				78397B54206D145800621B28 /* AsyncButton.swift */,
				78397B55206D145800621B28 /* AsyncImageView.swift */,
				78397B56206D145800621B28 /* AutoTextView.swift */,
				78397B57206D145800621B28 /* BlurView.swift */,
				78397B58206D145800621B28 /* DesignableButton.swift */,
				78397B59206D145800621B28 /* DesignableImageView.swift */,
				78397B5A206D145800621B28 /* DesignableLabel.swift */,
				78397B5B206D145800621B28 /* DesignableTabBarController.swift */,
				78397B5C206D145800621B28 /* DesignableTextField.swift */,
				78397B5D206D145800621B28 /* DesignableTextView.swift */,
				78397B5E206D145800621B28 /* DesignableView.swift */,
				78397B5F206D145800621B28 /* ImageLoader.swift */,
				78397B61206D145800621B28 /* KeyboardLayoutConstraint.swift */,
				78397B62206D145800621B28 /* LoadingView.swift */,
				78397B63206D145800621B28 /* LoadingView.xib */,
				78397B64206D145800621B28 /* Misc.swift */,
				78397B65206D145800621B28 /* SoundPlayer.swift */,
				78397B67206D145800621B28 /* Spring.swift */,
				78397B68206D145800621B28 /* SpringAnimation.swift */,
				78397B69206D145800621B28 /* SpringButton.swift */,
				78397B6A206D145800621B28 /* SpringImageView.swift */,
				78397B6B206D145800621B28 /* SpringLabel.swift */,
				78397B6C206D145800621B28 /* SpringTextField.swift */,
				78397B6D206D145800621B28 /* SpringTextView.swift */,
				78397B6E206D145800621B28 /* SpringView.swift */,
				78397B6F206D145800621B28 /* TransitionManager.swift */,
				78397B70206D145800621B28 /* TransitionZoom.swift */,
				78397B71206D145800621B28 /* UnwindSegue.swift */,
			);
			path = Spring;
			sourceTree = "<group>";
		};
		78819AFD1F93FFFD008B6811 = {
			isa = PBXGroup;
			children = (
				78397B53206D145800621B28 /* Spring */,
				78819B081F93FFFD008B6811 /* KJVQuotes */,
				78A4E0AB21584961001346E3 /* KJVWatch */,
				78A4E0BA21584961001346E3 /* KJVWatch Extension */,
				78F19E802158B93300C256E8 /* KJVToday */,
				78F19E7D2158B93300C256E8 /* Frameworks */,
				78819B071F93FFFD008B6811 /* Products */,
			);
			sourceTree = "<group>";
		};
		78819B071F93FFFD008B6811 /* Products */ = {
			isa = PBXGroup;
			children = (
				78819B061F93FFFD008B6811 /* KJVQuotes.app */,
				78A4E0AA21584960001346E3 /* KJVWatch.app */,
				78A4E0B621584961001346E3 /* KJVWatch Extension.appex */,
				78F19E7C2158B93300C256E8 /* KJVToday.appex */,
			);
			name = Products;
			sourceTree = "<group>";
		};
		78819B081F93FFFD008B6811 /* KJVQuotes */ = {
			isa = PBXGroup;
			children = (
				78819B091F93FFFD008B6811 /* AppDelegate.swift */,
				78819B0B1F93FFFD008B6811 /* ViewController.swift */,
				78819B1B1F940026008B6811 /* QuoteProvider.swift */,
				78819B0D1F93FFFD008B6811 /* Main.storyboard */,
				78819B101F93FFFD008B6811 /* Assets.xcassets */,
				78819B121F93FFFD008B6811 /* LaunchScreen.storyboard */,
				78819B151F93FFFD008B6811 /* Info.plist */,
			);
			path = KJVQuotes;
			sourceTree = "<group>";
		};
		78A4E0AB21584961001346E3 /* KJVWatch */ = {
			isa = PBXGroup;
			children = (
				78A4E0AC21584961001346E3 /* Interface.storyboard */,
				78A4E0AF21584961001346E3 /* Assets.xcassets */,
				78A4E0B121584961001346E3 /* Info.plist */,
			);
			path = KJVWatch;
			sourceTree = "<group>";
		};
		78A4E0BA21584961001346E3 /* KJVWatch Extension */ = {
			isa = PBXGroup;
			children = (
				78A4E0BB21584961001346E3 /* InterfaceController.swift */,
				78A4E0BD21584961001346E3 /* ExtensionDelegate.swift */,
				78A4E0BF21584961001346E3 /* NotificationController.swift */,
				78A4E0C121584961001346E3 /* Assets.xcassets */,
				78A4E0C321584961001346E3 /* Info.plist */,
				78A4E0C421584961001346E3 /* PushNotificationPayload.apns */,
			);
			path = "KJVWatch Extension";
			sourceTree = "<group>";
		};
		78F19E7D2158B93300C256E8 /* Frameworks */ = {
			isa = PBXGroup;
			children = (
				78F19E7E2158B93300C256E8 /* NotificationCenter.framework */,
			);
			name = Frameworks;
			sourceTree = "<group>";
		};
		78F19E802158B93300C256E8 /* KJVToday */ = {
			isa = PBXGroup;
			children = (
				78F19E812158B93300C256E8 /* TodayViewController.swift */,
				78F19E832158B93300C256E8 /* MainInterface.storyboard */,
				78F19E862158B93300C256E8 /* Info.plist */,
			);
			path = KJVToday;
			sourceTree = "<group>";
		};
/* End PBXGroup section */

/* Begin PBXNativeTarget section */
		78819B051F93FFFD008B6811 /* KJVQuotes */ = {
			isa = PBXNativeTarget;
			buildConfigurationList = 78819B181F93FFFD008B6811 /* Build configuration list for PBXNativeTarget "KJVQuotes" */;
			buildPhases = (
				78819B021F93FFFD008B6811 /* Sources */,
				78819B031F93FFFD008B6811 /* Frameworks */,
				78819B041F93FFFD008B6811 /* Resources */,
				78A4E0CF21584961001346E3 /* Embed Watch Content */,
				78F19E8D2158B93300C256E8 /* Embed App Extensions */,
			);
			buildRules = (
			);
			dependencies = (
				78A4E0C621584961001346E3 /* PBXTargetDependency */,
				78F19E882158B93300C256E8 /* PBXTargetDependency */,
			);
			name = KJVQuotes;
			productName = KJVQuotes;
			productReference = 78819B061F93FFFD008B6811 /* KJVQuotes.app */;
			productType = "com.apple.product-type.application";
		};
		78A4E0A921584960001346E3 /* KJVWatch */ = {
			isa = PBXNativeTarget;
			buildConfigurationList = 78A4E0CE21584961001346E3 /* Build configuration list for PBXNativeTarget "KJVWatch" */;
			buildPhases = (
				78A4E0A821584960001346E3 /* Resources */,
				78A4E0CD21584961001346E3 /* Embed App Extensions */,
			);
			buildRules = (
			);
			dependencies = (
				78A4E0B921584961001346E3 /* PBXTargetDependency */,
			);
			name = KJVWatch;
			productName = KJVWatch;
			productReference = 78A4E0AA21584960001346E3 /* KJVWatch.app */;
			productType = "com.apple.product-type.application.watchapp2";
		};
		78A4E0B521584961001346E3 /* KJVWatch Extension */ = {
			isa = PBXNativeTarget;
			buildConfigurationList = 78A4E0CC21584961001346E3 /* Build configuration list for PBXNativeTarget "KJVWatch Extension" */;
			buildPhases = (
				78A4E0B221584961001346E3 /* Sources */,
				78A4E0B321584961001346E3 /* Frameworks */,
				78A4E0B421584961001346E3 /* Resources */,
			);
			buildRules = (
			);
			dependencies = (
			);
			name = "KJVWatch Extension";
			productName = "KJVWatch Extension";
			productReference = 78A4E0B621584961001346E3 /* KJVWatch Extension.appex */;
			productType = "com.apple.product-type.watchkit2-extension";
		};
		78F19E7B2158B93300C256E8 /* KJVToday */ = {
			isa = PBXNativeTarget;
			buildConfigurationList = 78F19E8C2158B93300C256E8 /* Build configuration list for PBXNativeTarget "KJVToday" */;
			buildPhases = (
				78F19E782158B93300C256E8 /* Sources */,
				78F19E792158B93300C256E8 /* Frameworks */,
				78F19E7A2158B93300C256E8 /* Resources */,
			);
			buildRules = (
			);
			dependencies = (
			);
			name = KJVToday;
			productName = KJVToday;
			productReference = 78F19E7C2158B93300C256E8 /* KJVToday.appex */;
			productType = "com.apple.product-type.app-extension";
		};
/* End PBXNativeTarget section */

/* Begin PBXProject section */
		78819AFE1F93FFFD008B6811 /* Project object */ = {
			isa = PBXProject;
			attributes = {
				LastSwiftUpdateCheck = 0920;
				LastUpgradeCheck = 0900;
				ORGANIZATIONNAME = jth4;
				TargetAttributes = {
					78819B051F93FFFD008B6811 = {
						CreatedOnToolsVersion = 9.0;
						ProvisioningStyle = Automatic;
					};
					78A4E0A921584960001346E3 = {
						CreatedOnToolsVersion = 9.2;
						ProvisioningStyle = Automatic;
					};
					78A4E0B521584961001346E3 = {
						CreatedOnToolsVersion = 9.2;
						ProvisioningStyle = Automatic;
					};
					78F19E7B2158B93300C256E8 = {
						CreatedOnToolsVersion = 9.2;
						ProvisioningStyle = Automatic;
					};
				};
			};
			buildConfigurationList = 78819B011F93FFFD008B6811 /* Build configuration list for PBXProject "KJVQuotes" */;
			compatibilityVersion = "Xcode 8.0";
			developmentRegion = en;
			hasScannedForEncodings = 0;
			knownRegions = (
				en,
				Base,
			);
			mainGroup = 78819AFD1F93FFFD008B6811;
			productRefGroup = 78819B071F93FFFD008B6811 /* Products */;
			projectDirPath = "";
			projectRoot = "";
			targets = (
				78819B051F93FFFD008B6811 /* KJVQuotes */,
				78A4E0A921584960001346E3 /* KJVWatch */,
				78A4E0B521584961001346E3 /* KJVWatch Extension */,
				78F19E7B2158B93300C256E8 /* KJVToday */,
			);
		};
/* End PBXProject section */

/* Begin PBXResourcesBuildPhase section */
		78819B041F93FFFD008B6811 /* Resources */ = {
			isa = PBXResourcesBuildPhase;
			buildActionMask = 2147483647;
			files = (
				78819B141F93FFFD008B6811 /* LaunchScreen.storyboard in Resources */,
				78819B111F93FFFD008B6811 /* Assets.xcassets in Resources */,
				78397B81206D145800621B28 /* LoadingView.xib in Resources */,
				78819B0F1F93FFFD008B6811 /* Main.storyboard in Resources */,
			);
			runOnlyForDeploymentPostprocessing = 0;
		};
		78A4E0A821584960001346E3 /* Resources */ = {
			isa = PBXResourcesBuildPhase;
			buildActionMask = 2147483647;
			files = (
				78A4E0B021584961001346E3 /* Assets.xcassets in Resources */,
				78A4E0AE21584961001346E3 /* Interface.storyboard in Resources */,
			);
			runOnlyForDeploymentPostprocessing = 0;
		};
		78A4E0B421584961001346E3 /* Resources */ = {
			isa = PBXResourcesBuildPhase;
			buildActionMask = 2147483647;
			files = (
				78A4E0C221584961001346E3 /* Assets.xcassets in Resources */,
			);
			runOnlyForDeploymentPostprocessing = 0;
		};
		78F19E7A2158B93300C256E8 /* Resources */ = {
			isa = PBXResourcesBuildPhase;
			buildActionMask = 2147483647;
			files = (
				78F19E852158B93300C256E8 /* MainInterface.storyboard in Resources */,
			);
			runOnlyForDeploymentPostprocessing = 0;
		};
/* End PBXResourcesBuildPhase section */

/* Begin PBXSourcesBuildPhase section */
		78819B021F93FFFD008B6811 /* Sources */ = {
			isa = PBXSourcesBuildPhase;
			buildActionMask = 2147483647;
			files = (
				78397B78206D145800621B28 /* DesignableLabel.swift in Sources */,
				78397B87206D145800621B28 /* SpringImageView.swift in Sources */,
				78397B74206D145800621B28 /* AutoTextView.swift in Sources */,
				78397B7D206D145800621B28 /* ImageLoader.swift in Sources */,
				78397B82206D145800621B28 /* Misc.swift in Sources */,
				78397B75206D145800621B28 /* BlurView.swift in Sources */,
				78397B8E206D145800621B28 /* UnwindSegue.swift in Sources */,
				78397B80206D145800621B28 /* LoadingView.swift in Sources */,
				78397B89206D145800621B28 /* SpringTextField.swift in Sources */,
				78B86C9A2158A90300859883 /* QuoteProvider.swift in Sources */,
				78397B84206D145800621B28 /* Spring.swift in Sources */,
				78397B83206D145800621B28 /* SoundPlayer.swift in Sources */,
				78397B7C206D145800621B28 /* DesignableView.swift in Sources */,
				78397B79206D145800621B28 /* DesignableTabBarController.swift in Sources */,
				78397B76206D145800621B28 /* DesignableButton.swift in Sources */,
				78819B0C1F93FFFD008B6811 /* ViewController.swift in Sources */,
				78397B8D206D145800621B28 /* TransitionZoom.swift in Sources */,
				78397B7A206D145800621B28 /* DesignableTextField.swift in Sources */,
				78397B8C206D145800621B28 /* TransitionManager.swift in Sources */,
				78397B88206D145800621B28 /* SpringLabel.swift in Sources */,
				78397B72206D145800621B28 /* AsyncButton.swift in Sources */,
				78397B73206D145800621B28 /* AsyncImageView.swift in Sources */,
				78397B7B206D145800621B28 /* DesignableTextView.swift in Sources */,
				78397B8B206D145800621B28 /* SpringView.swift in Sources */,
				78397B8A206D145800621B28 /* SpringTextView.swift in Sources */,
				78397B7F206D145800621B28 /* KeyboardLayoutConstraint.swift in Sources */,
				78397B86206D145800621B28 /* SpringButton.swift in Sources */,
				78397B85206D145800621B28 /* SpringAnimation.swift in Sources */,
				78397B77206D145800621B28 /* DesignableImageView.swift in Sources */,
				78819B0A1F93FFFD008B6811 /* AppDelegate.swift in Sources */,
			);
			runOnlyForDeploymentPostprocessing = 0;
		};
		78A4E0B221584961001346E3 /* Sources */ = {
			isa = PBXSourcesBuildPhase;
			buildActionMask = 2147483647;
			files = (
				78A4E0C021584961001346E3 /* NotificationController.swift in Sources */,
				78A4E0BE21584961001346E3 /* ExtensionDelegate.swift in Sources */,
				78A4E0BC21584961001346E3 /* InterfaceController.swift in Sources */,
				78C926242158AF3C00736222 /* QuoteProvider.swift in Sources */,
			);
			runOnlyForDeploymentPostprocessing = 0;
		};
		78F19E782158B93300C256E8 /* Sources */ = {
			isa = PBXSourcesBuildPhase;
			buildActionMask = 2147483647;
			files = (
				78F19E822158B93300C256E8 /* TodayViewController.swift in Sources */,
				78F19E8E2158B95100C256E8 /* QuoteProvider.swift in Sources */,
			);
			runOnlyForDeploymentPostprocessing = 0;
		};
/* End PBXSourcesBuildPhase section */

/* Begin PBXTargetDependency section */
		78A4E0B921584961001346E3 /* PBXTargetDependency */ = {
			isa = PBXTargetDependency;
			target = 78A4E0B521584961001346E3 /* KJVWatch Extension */;
			targetProxy = 78A4E0B821584961001346E3 /* PBXContainerItemProxy */;
		};
		78A4E0C621584961001346E3 /* PBXTargetDependency */ = {
			isa = PBXTargetDependency;
			target = 78A4E0A921584960001346E3 /* KJVWatch */;
			targetProxy = 78A4E0C521584961001346E3 /* PBXContainerItemProxy */;
		};
		78F19E882158B93300C256E8 /* PBXTargetDependency */ = {
			isa = PBXTargetDependency;
			target = 78F19E7B2158B93300C256E8 /* KJVToday */;
			targetProxy = 78F19E872158B93300C256E8 /* PBXContainerItemProxy */;
		};
/* End PBXTargetDependency section */

/* Begin PBXVariantGroup section */
		78819B0D1F93FFFD008B6811 /* Main.storyboard */ = {
			isa = PBXVariantGroup;
			children = (
				78819B0E1F93FFFD008B6811 /* Base */,
			);
			name = Main.storyboard;
			sourceTree = "<group>";
		};
		78819B121F93FFFD008B6811 /* LaunchScreen.storyboard */ = {
			isa = PBXVariantGroup;
			children = (
				78819B131F93FFFD008B6811 /* Base */,
			);
			name = LaunchScreen.storyboard;
			sourceTree = "<group>";
		};
		78A4E0AC21584961001346E3 /* Interface.storyboard */ = {
			isa = PBXVariantGroup;
			children = (
				78A4E0AD21584961001346E3 /* Base */,
			);
			name = Interface.storyboard;
			sourceTree = "<group>";
		};
		78F19E832158B93300C256E8 /* MainInterface.storyboard */ = {
			isa = PBXVariantGroup;
			children = (
				78F19E842158B93300C256E8 /* Base */,
			);
			name = MainInterface.storyboard;
			sourceTree = "<group>";
		};
/* End PBXVariantGroup section */

/* Begin XCBuildConfiguration section */
		78819B161F93FFFD008B6811 /* Debug */ = {
			isa = XCBuildConfiguration;
			buildSettings = {
				ALWAYS_SEARCH_USER_PATHS = NO;
				CLANG_ANALYZER_NONNULL = YES;
				CLANG_ANALYZER_NUMBER_OBJECT_CONVERSION = YES_AGGRESSIVE;
				CLANG_CXX_LANGUAGE_STANDARD = "gnu++14";
				CLANG_CXX_LIBRARY = "libc++";
				CLANG_ENABLE_MODULES = YES;
				CLANG_ENABLE_OBJC_ARC = YES;
				CLANG_WARN_BLOCK_CAPTURE_AUTORELEASING = YES;
				CLANG_WARN_BOOL_CONVERSION = YES;
				CLANG_WARN_COMMA = YES;
				CLANG_WARN_CONSTANT_CONVERSION = YES;
				CLANG_WARN_DIRECT_OBJC_ISA_USAGE = YES_ERROR;
				CLANG_WARN_DOCUMENTATION_COMMENTS = YES;
				CLANG_WARN_EMPTY_BODY = YES;
				CLANG_WARN_ENUM_CONVERSION = YES;
				CLANG_WARN_INFINITE_RECURSION = YES;
				CLANG_WARN_INT_CONVERSION = YES;
				CLANG_WARN_NON_LITERAL_NULL_CONVERSION = YES;
				CLANG_WARN_OBJC_LITERAL_CONVERSION = YES;
				CLANG_WARN_OBJC_ROOT_CLASS = YES_ERROR;
				CLANG_WARN_RANGE_LOOP_ANALYSIS = YES;
				CLANG_WARN_STRICT_PROTOTYPES = YES;
				CLANG_WARN_SUSPICIOUS_MOVE = YES;
				CLANG_WARN_UNGUARDED_AVAILABILITY = YES_AGGRESSIVE;
				CLANG_WARN_UNREACHABLE_CODE = YES;
				CLANG_WARN__DUPLICATE_METHOD_MATCH = YES;
				CODE_SIGN_IDENTITY = "iPhone Developer";
				COPY_PHASE_STRIP = NO;
				DEBUG_INFORMATION_FORMAT = dwarf;
				ENABLE_STRICT_OBJC_MSGSEND = YES;
				ENABLE_TESTABILITY = YES;
				GCC_C_LANGUAGE_STANDARD = gnu11;
				GCC_DYNAMIC_NO_PIC = NO;
				GCC_NO_COMMON_BLOCKS = YES;
				GCC_OPTIMIZATION_LEVEL = 0;
				GCC_PREPROCESSOR_DEFINITIONS = (
					"DEBUG=1",
					"$(inherited)",
				);
				GCC_WARN_64_TO_32_BIT_CONVERSION = YES;
				GCC_WARN_ABOUT_RETURN_TYPE = YES_ERROR;
				GCC_WARN_UNDECLARED_SELECTOR = YES;
				GCC_WARN_UNINITIALIZED_AUTOS = YES_AGGRESSIVE;
				GCC_WARN_UNUSED_FUNCTION = YES;
				GCC_WARN_UNUSED_VARIABLE = YES;
				IPHONEOS_DEPLOYMENT_TARGET = 11.0;
				MTL_ENABLE_DEBUG_INFO = YES;
				ONLY_ACTIVE_ARCH = YES;
				SDKROOT = iphoneos;
				SWIFT_ACTIVE_COMPILATION_CONDITIONS = DEBUG;
				SWIFT_OPTIMIZATION_LEVEL = "-Onone";
			};
			name = Debug;
		};
		78819B171F93FFFD008B6811 /* Release */ = {
			isa = XCBuildConfiguration;
			buildSettings = {
				ALWAYS_SEARCH_USER_PATHS = NO;
				CLANG_ANALYZER_NONNULL = YES;
				CLANG_ANALYZER_NUMBER_OBJECT_CONVERSION = YES_AGGRESSIVE;
				CLANG_CXX_LANGUAGE_STANDARD = "gnu++14";
				CLANG_CXX_LIBRARY = "libc++";
				CLANG_ENABLE_MODULES = YES;
				CLANG_ENABLE_OBJC_ARC = YES;
				CLANG_WARN_BLOCK_CAPTURE_AUTORELEASING = YES;
				CLANG_WARN_BOOL_CONVERSION = YES;
				CLANG_WARN_COMMA = YES;
				CLANG_WARN_CONSTANT_CONVERSION = YES;
				CLANG_WARN_DIRECT_OBJC_ISA_USAGE = YES_ERROR;
				CLANG_WARN_DOCUMENTATION_COMMENTS = YES;
				CLANG_WARN_EMPTY_BODY = YES;
				CLANG_WARN_ENUM_CONVERSION = YES;
				CLANG_WARN_INFINITE_RECURSION = YES;
				CLANG_WARN_INT_CONVERSION = YES;
				CLANG_WARN_NON_LITERAL_NULL_CONVERSION = YES;
				CLANG_WARN_OBJC_LITERAL_CONVERSION = YES;
				CLANG_WARN_OBJC_ROOT_CLASS = YES_ERROR;
				CLANG_WARN_RANGE_LOOP_ANALYSIS = YES;
				CLANG_WARN_STRICT_PROTOTYPES = YES;
				CLANG_WARN_SUSPICIOUS_MOVE = YES;
				CLANG_WARN_UNGUARDED_AVAILABILITY = YES_AGGRESSIVE;
				CLANG_WARN_UNREACHABLE_CODE = YES;
				CLANG_WARN__DUPLICATE_METHOD_MATCH = YES;
				CODE_SIGN_IDENTITY = "iPhone Developer";
				COPY_PHASE_STRIP = NO;
				DEBUG_INFORMATION_FORMAT = "dwarf-with-dsym";
				ENABLE_NS_ASSERTIONS = NO;
				ENABLE_STRICT_OBJC_MSGSEND = YES;
				GCC_C_LANGUAGE_STANDARD = gnu11;
				GCC_NO_COMMON_BLOCKS = YES;
				GCC_WARN_64_TO_32_BIT_CONVERSION = YES;
				GCC_WARN_ABOUT_RETURN_TYPE = YES_ERROR;
				GCC_WARN_UNDECLARED_SELECTOR = YES;
				GCC_WARN_UNINITIALIZED_AUTOS = YES_AGGRESSIVE;
				GCC_WARN_UNUSED_FUNCTION = YES;
				GCC_WARN_UNUSED_VARIABLE = YES;
				IPHONEOS_DEPLOYMENT_TARGET = 11.0;
				MTL_ENABLE_DEBUG_INFO = NO;
				SDKROOT = iphoneos;
				SWIFT_OPTIMIZATION_LEVEL = "-Owholemodule";
				VALIDATE_PRODUCT = YES;
			};
			name = Release;
		};
		78819B191F93FFFD008B6811 /* Debug */ = {
			isa = XCBuildConfiguration;
			buildSettings = {
				ALWAYS_EMBED_SWIFT_STANDARD_LIBRARIES = YES;
				ASSETCATALOG_COMPILER_APPICON_NAME = AppIcon;
				"CODE_SIGN_IDENTITY[sdk=iphoneos*]" = "iPhone Developer";
				CODE_SIGN_STYLE = Automatic;
				DEVELOPMENT_TEAM = CNKXWY3YPB;
				INFOPLIST_FILE = KJVQuotes/Info.plist;
				IPHONEOS_DEPLOYMENT_TARGET = 9.0;
				LD_RUNPATH_SEARCH_PATHS = "$(inherited) @executable_path/Frameworks";
				PRODUCT_BUNDLE_IDENTIFIER = com.jth4.KJVQuotes;
				PRODUCT_NAME = "$(TARGET_NAME)";
				PROVISIONING_PROFILE = "";
				PROVISIONING_PROFILE_SPECIFIER = "";
				SWIFT_VERSION = 4.0;
				TARGETED_DEVICE_FAMILY = 1;
			};
			name = Debug;
		};
		78819B1A1F93FFFD008B6811 /* Release */ = {
			isa = XCBuildConfiguration;
			buildSettings = {
				ALWAYS_EMBED_SWIFT_STANDARD_LIBRARIES = YES;
				ASSETCATALOG_COMPILER_APPICON_NAME = AppIcon;
				"CODE_SIGN_IDENTITY[sdk=iphoneos*]" = "iPhone Developer";
				CODE_SIGN_STYLE = Automatic;
				DEVELOPMENT_TEAM = CNKXWY3YPB;
				INFOPLIST_FILE = KJVQuotes/Info.plist;
				IPHONEOS_DEPLOYMENT_TARGET = 9.0;
				LD_RUNPATH_SEARCH_PATHS = "$(inherited) @executable_path/Frameworks";
				PRODUCT_BUNDLE_IDENTIFIER = com.jth4.KJVQuotes;
				PRODUCT_NAME = "$(TARGET_NAME)";
				PROVISIONING_PROFILE = "";
				PROVISIONING_PROFILE_SPECIFIER = "";
				SWIFT_VERSION = 4.0;
				TARGETED_DEVICE_FAMILY = 1;
			};
			name = Release;
		};
		78A4E0C821584961001346E3 /* Debug */ = {
			isa = XCBuildConfiguration;
			buildSettings = {
				ALWAYS_EMBED_SWIFT_STANDARD_LIBRARIES = YES;
				ASSETCATALOG_COMPILER_APPICON_NAME = AppIcon;
				CODE_SIGN_STYLE = Automatic;
				DEVELOPMENT_TEAM = CNKXWY3YPB;
				IBSC_MODULE = KJVWatch_Extension;
				INFOPLIST_FILE = KJVWatch/Info.plist;
				PRODUCT_BUNDLE_IDENTIFIER = com.jth4.KJVQuotes.watchkitapp;
				PRODUCT_NAME = "$(TARGET_NAME)";
				SDKROOT = watchos;
				SKIP_INSTALL = YES;
				SWIFT_VERSION = 4.0;
				TARGETED_DEVICE_FAMILY = 4;
				WATCHOS_DEPLOYMENT_TARGET = 4.0;
			};
			name = Debug;
		};
		78A4E0C921584961001346E3 /* Release */ = {
			isa = XCBuildConfiguration;
			buildSettings = {
				ALWAYS_EMBED_SWIFT_STANDARD_LIBRARIES = YES;
				ASSETCATALOG_COMPILER_APPICON_NAME = AppIcon;
				CODE_SIGN_STYLE = Automatic;
				DEVELOPMENT_TEAM = CNKXWY3YPB;
				IBSC_MODULE = KJVWatch_Extension;
				INFOPLIST_FILE = KJVWatch/Info.plist;
				PRODUCT_BUNDLE_IDENTIFIER = com.jth4.KJVQuotes.watchkitapp;
				PRODUCT_NAME = "$(TARGET_NAME)";
				SDKROOT = watchos;
				SKIP_INSTALL = YES;
				SWIFT_VERSION = 4.0;
				TARGETED_DEVICE_FAMILY = 4;
				WATCHOS_DEPLOYMENT_TARGET = 4.0;
			};
			name = Release;
		};
		78A4E0CA21584961001346E3 /* Debug */ = {
			isa = XCBuildConfiguration;
			buildSettings = {
				ASSETCATALOG_COMPILER_COMPLICATION_NAME = Complication;
				CODE_SIGN_STYLE = Automatic;
				DEVELOPMENT_TEAM = CNKXWY3YPB;
				INFOPLIST_FILE = "KJVWatch Extension/Info.plist";
				LD_RUNPATH_SEARCH_PATHS = "$(inherited) @executable_path/Frameworks @executable_path/../../Frameworks";
				PRODUCT_BUNDLE_IDENTIFIER = com.jth4.KJVQuotes.watchkitapp.watchkitextension;
				PRODUCT_NAME = "${TARGET_NAME}";
				SDKROOT = watchos;
				SKIP_INSTALL = YES;
				SWIFT_VERSION = 4.0;
				TARGETED_DEVICE_FAMILY = 4;
				WATCHOS_DEPLOYMENT_TARGET = 4.0;
			};
			name = Debug;
		};
		78A4E0CB21584961001346E3 /* Release */ = {
			isa = XCBuildConfiguration;
			buildSettings = {
				ASSETCATALOG_COMPILER_COMPLICATION_NAME = Complication;
				CODE_SIGN_STYLE = Automatic;
				DEVELOPMENT_TEAM = CNKXWY3YPB;
				INFOPLIST_FILE = "KJVWatch Extension/Info.plist";
				LD_RUNPATH_SEARCH_PATHS = "$(inherited) @executable_path/Frameworks @executable_path/../../Frameworks";
				PRODUCT_BUNDLE_IDENTIFIER = com.jth4.KJVQuotes.watchkitapp.watchkitextension;
				PRODUCT_NAME = "${TARGET_NAME}";
				SDKROOT = watchos;
				SKIP_INSTALL = YES;
				SWIFT_VERSION = 4.0;
				TARGETED_DEVICE_FAMILY = 4;
				WATCHOS_DEPLOYMENT_TARGET = 4.0;
			};
			name = Release;
		};
		78F19E8A2158B93300C256E8 /* Debug */ = {
			isa = XCBuildConfiguration;
			buildSettings = {
				CODE_SIGN_STYLE = Automatic;
				DEVELOPMENT_TEAM = CNKXWY3YPB;
				INFOPLIST_FILE = KJVToday/Info.plist;
				IPHONEOS_DEPLOYMENT_TARGET = 10.0;
				LD_RUNPATH_SEARCH_PATHS = "$(inherited) @executable_path/Frameworks @executable_path/../../Frameworks";
				PRODUCT_BUNDLE_IDENTIFIER = com.jth4.KJVQuotes.KJVToday;
				PRODUCT_NAME = "$(TARGET_NAME)";
				SKIP_INSTALL = YES;
				SWIFT_VERSION = 4.0;
				TARGETED_DEVICE_FAMILY = "1,2";
			};
			name = Debug;
		};
		78F19E8B2158B93300C256E8 /* Release */ = {
			isa = XCBuildConfiguration;
			buildSettings = {
				CODE_SIGN_STYLE = Automatic;
				DEVELOPMENT_TEAM = CNKXWY3YPB;
				INFOPLIST_FILE = KJVToday/Info.plist;
				IPHONEOS_DEPLOYMENT_TARGET = 10.0;
				LD_RUNPATH_SEARCH_PATHS = "$(inherited) @executable_path/Frameworks @executable_path/../../Frameworks";
				PRODUCT_BUNDLE_IDENTIFIER = com.jth4.KJVQuotes.KJVToday;
				PRODUCT_NAME = "$(TARGET_NAME)";
				SKIP_INSTALL = YES;
				SWIFT_VERSION = 4.0;
				TARGETED_DEVICE_FAMILY = "1,2";
			};
			name = Release;
		};
/* End XCBuildConfiguration section */

/* Begin XCConfigurationList section */
		78819B011F93FFFD008B6811 /* Build configuration list for PBXProject "KJVQuotes" */ = {
			isa = XCConfigurationList;
			buildConfigurations = (
				78819B161F93FFFD008B6811 /* Debug */,
				78819B171F93FFFD008B6811 /* Release */,
			);
			defaultConfigurationIsVisible = 0;
			defaultConfigurationName = Release;
		};
		78819B181F93FFFD008B6811 /* Build configuration list for PBXNativeTarget "KJVQuotes" */ = {
			isa = XCConfigurationList;
			buildConfigurations = (
				78819B191F93FFFD008B6811 /* Debug */,
				78819B1A1F93FFFD008B6811 /* Release */,
			);
			defaultConfigurationIsVisible = 0;
			defaultConfigurationName = Release;
		};
		78A4E0CC21584961001346E3 /* Build configuration list for PBXNativeTarget "KJVWatch Extension" */ = {
			isa = XCConfigurationList;
			buildConfigurations = (
				78A4E0CA21584961001346E3 /* Debug */,
				78A4E0CB21584961001346E3 /* Release */,
			);
			defaultConfigurationIsVisible = 0;
			defaultConfigurationName = Release;
		};
		78A4E0CE21584961001346E3 /* Build configuration list for PBXNativeTarget "KJVWatch" */ = {
			isa = XCConfigurationList;
			buildConfigurations = (
				78A4E0C821584961001346E3 /* Debug */,
				78A4E0C921584961001346E3 /* Release */,
			);
			defaultConfigurationIsVisible = 0;
			defaultConfigurationName = Release;
		};
		78F19E8C2158B93300C256E8 /* Build configuration list for PBXNativeTarget "KJVToday" */ = {
			isa = XCConfigurationList;
			buildConfigurations = (
				78F19E8A2158B93300C256E8 /* Debug */,
				78F19E8B2158B93300C256E8 /* Release */,
			);
			defaultConfigurationIsVisible = 0;
			defaultConfigurationName = Release;
		};
/* End XCConfigurationList section */
	};
	rootObject = 78819AFE1F93FFFD008B6811 /* Project object */;
}
