// !$*UTF8*$!
{
	archiveVersion = 1;
	classes = {
	};
	objectVersion = 48;
	objects = {

/* Begin PBXBuildFile section */
		78397B72206D145800621B28 /* AsyncButton.swift in Sources */ = {isa = PBXBuildFile; fileRef = 78397B54206D145800621B28 /* AsyncButton.swift */; };
		78397B73206D145800621B28 /* AsyncImageView.swift in Sources */ = {isa = PBXBuildFile; fileRef = 78397B55206D145800621B28 /* AsyncImageView.swift */; };
		78397B74206D145800621B28 /* AutoTextView.swift in Sources */ = {isa = PBXBuildFile; fileRef = 78397B56206D145800621B28 /* AutoTextView.swift */; };
		78397B75206D145800621B28 /* BlurView.swift in Sources */ = {isa = PBXBuildFile; fileRef = 78397B57206D145800621B28 /* BlurView.swift */; };
		78397B76206D145800621B28 /* DesignableButton.swift in Sources */ = {isa = PBXBuildFile; fileRef = 78397B58206D145800621B28 /* DesignableButton.swift */; };
		78397B77206D145800621B28 /* DesignableImageView.swift in Sources */ = {isa = PBXBuildFile; fileRef = 78397B59206D145800621B28 /* DesignableImageView.swift */; };
		78397B78206D145800621B28 /* DesignableLabel.swift in Sources */ = {isa = PBXBuildFile; fileRef = 78397B5A206D145800621B28 /* DesignableLabel.swift */; };
		78397B79206D145800621B28 /* DesignableTabBarController.swift in Sources */ = {isa = PBXBuildFile; fileRef = 78397B5B206D145800621B28 /* DesignableTabBarController.swift */; };
		78397B7A206D145800621B28 /* DesignableTextField.swift in Sources */ = {isa = PBXBuildFile; fileRef = 78397B5C206D145800621B28 /* DesignableTextField.swift */; };
		78397B7B206D145800621B28 /* DesignableTextView.swift in Sources */ = {isa = PBXBuildFile; fileRef = 78397B5D206D145800621B28 /* DesignableTextView.swift */; };
		78397B7C206D145800621B28 /* DesignableView.swift in Sources */ = {isa = PBXBuildFile; fileRef = 78397B5E206D145800621B28 /* DesignableView.swift */; };
		78397B7D206D145800621B28 /* ImageLoader.swift in Sources */ = {isa = PBXBuildFile; fileRef = 78397B5F206D145800621B28 /* ImageLoader.swift */; };
		78397B7F206D145800621B28 /* KeyboardLayoutConstraint.swift in Sources */ = {isa = PBXBuildFile; fileRef = 78397B61206D145800621B28 /* KeyboardLayoutConstraint.swift */; };
		78397B80206D145800621B28 /* LoadingView.swift in Sources */ = {isa = PBXBuildFile; fileRef = 78397B62206D145800621B28 /* LoadingView.swift */; };
		78397B81206D145800621B28 /* LoadingView.xib in Resources */ = {isa = PBXBuildFile; fileRef = 78397B63206D145800621B28 /* LoadingView.xib */; };
		78397B82206D145800621B28 /* Misc.swift in Sources */ = {isa = PBXBuildFile; fileRef = 78397B64206D145800621B28 /* Misc.swift */; };
		78397B83206D145800621B28 /* SoundPlayer.swift in Sources */ = {isa = PBXBuildFile; fileRef = 78397B65206D145800621B28 /* SoundPlayer.swift */; };
		78397B84206D145800621B28 /* Spring.swift in Sources */ = {isa = PBXBuildFile; fileRef = 78397B67206D145800621B28 /* Spring.swift */; };
		78397B85206D145800621B28 /* SpringAnimation.swift in Sources */ = {isa = PBXBuildFile; fileRef = 78397B68206D145800621B28 /* SpringAnimation.swift */; };
		78397B86206D145800621B28 /* SpringButton.swift in Sources */ = {isa = PBXBuildFile; fileRef = 78397B69206D145800621B28 /* SpringButton.swift */; };
		78397B87206D145800621B28 /* SpringImageView.swift in Sources */ = {isa = PBXBuildFile; fileRef = 78397B6A206D145800621B28 /* SpringImageView.swift */; };
		78397B88206D145800621B28 /* SpringLabel.swift in Sources */ = {isa = PBXBuildFile; fileRef = 78397B6B206D145800621B28 /* SpringLabel.swift */; };
		78397B89206D145800621B28 /* SpringTextField.swift in Sources */ = {isa = PBXBuildFile; fileRef = 78397B6C206D145800621B28 /* SpringTextField.swift */; };
		78397B8A206D145800621B28 /* SpringTextView.swift in Sources */ = {isa = PBXBuildFile; fileRef = 78397B6D206D145800621B28 /* SpringTextView.swift */; };
		78397B8B206D145800621B28 /* SpringView.swift in Sources */ = {isa = PBXBuildFile; fileRef = 78397B6E206D145800621B28 /* SpringView.swift */; };
		78397B8C206D145800621B28 /* TransitionManager.swift in Sources */ = {isa = PBXBuildFile; fileRef = 78397B6F206D145800621B28 /* TransitionManager.swift */; };
		78397B8D206D145800621B28 /* TransitionZoom.swift in Sources */ = {isa = PBXBuildFile; fileRef = 78397B70206D145800621B28 /* TransitionZoom.swift */; };
		78397B8E206D145800621B28 /* UnwindSegue.swift in Sources */ = {isa = PBXBuildFile; fileRef = 78397B71206D145800621B28 /* UnwindSegue.swift */; };
		78819B0A1F93FFFD008B6811 /* AppDelegate.swift in Sources */ = {isa = PBXBuildFile; fileRef = 78819B091F93FFFD008B6811 /* AppDelegate.swift */; };
		78819B0C1F93FFFD008B6811 /* ViewController.swift in Sources */ = {isa = PBXBuildFile; fileRef = 78819B0B1F93FFFD008B6811 /* ViewController.swift */; };
		78819B0F1F93FFFD008B6811 /* Main.storyboard in Resources */ = {isa = PBXBuildFile; fileRef = 78819B0D1F93FFFD008B6811 /* Main.storyboard */; };
		78819B111F93FFFD008B6811 /* Assets.xcassets in Resources */ = {isa = PBXBuildFile; fileRef = 78819B101F93FFFD008B6811 /* Assets.xcassets */; };
		78819B141F93FFFD008B6811 /* LaunchScreen.storyboard in Resources */ = {isa = PBXBuildFile; fileRef = 78819B121F93FFFD008B6811 /* LaunchScreen.storyboard */; };
		78819B1C1F940026008B6811 /* QuoteProvider.swift in Sources */ = {isa = PBXBuildFile; fileRef = 78819B1B1F940026008B6811 /* QuoteProvider.swift */; };
		78E6C7952045CBCF006A2ECC /* bg02.jpg in Resources */ = {isa = PBXBuildFile; fileRef = 78E6C7942045CBCF006A2ECC /* bg02.jpg */; };
/* End PBXBuildFile section */

/* Begin PBXFileReference section */
		78397B54206D145800621B28 /* AsyncButton.swift */ = {isa = PBXFileReference; fileEncoding = 4; lastKnownFileType = sourcecode.swift; path = AsyncButton.swift; sourceTree = "<group>"; };
		78397B55206D145800621B28 /* AsyncImageView.swift */ = {isa = PBXFileReference; fileEncoding = 4; lastKnownFileType = sourcecode.swift; path = AsyncImageView.swift; sourceTree = "<group>"; };
		78397B56206D145800621B28 /* AutoTextView.swift */ = {isa = PBXFileReference; fileEncoding = 4; lastKnownFileType = sourcecode.swift; path = AutoTextView.swift; sourceTree = "<group>"; };
		78397B57206D145800621B28 /* BlurView.swift */ = {isa = PBXFileReference; fileEncoding = 4; lastKnownFileType = sourcecode.swift; path = BlurView.swift; sourceTree = "<group>"; };
		78397B58206D145800621B28 /* DesignableButton.swift */ = {isa = PBXFileReference; fileEncoding = 4; lastKnownFileType = sourcecode.swift; path = DesignableButton.swift; sourceTree = "<group>"; };
		78397B59206D145800621B28 /* DesignableImageView.swift */ = {isa = PBXFileReference; fileEncoding = 4; lastKnownFileType = sourcecode.swift; path = DesignableImageView.swift; sourceTree = "<group>"; };
		78397B5A206D145800621B28 /* DesignableLabel.swift */ = {isa = PBXFileReference; fileEncoding = 4; lastKnownFileType = sourcecode.swift; path = DesignableLabel.swift; sourceTree = "<group>"; };
		78397B5B206D145800621B28 /* DesignableTabBarController.swift */ = {isa = PBXFileReference; fileEncoding = 4; lastKnownFileType = sourcecode.swift; path = DesignableTabBarController.swift; sourceTree = "<group>"; };
		78397B5C206D145800621B28 /* DesignableTextField.swift */ = {isa = PBXFileReference; fileEncoding = 4; lastKnownFileType = sourcecode.swift; path = DesignableTextField.swift; sourceTree = "<group>"; };
		78397B5D206D145800621B28 /* DesignableTextView.swift */ = {isa = PBXFileReference; fileEncoding = 4; lastKnownFileType = sourcecode.swift; path = DesignableTextView.swift; sourceTree = "<group>"; };
		78397B5E206D145800621B28 /* DesignableView.swift */ = {isa = PBXFileReference; fileEncoding = 4; lastKnownFileType = sourcecode.swift; path = DesignableView.swift; sourceTree = "<group>"; };
		78397B5F206D145800621B28 /* ImageLoader.swift */ = {isa = PBXFileReference; fileEncoding = 4; lastKnownFileType = sourcecode.swift; path = ImageLoader.swift; sourceTree = "<group>"; };
		78397B61206D145800621B28 /* KeyboardLayoutConstraint.swift */ = {isa = PBXFileReference; fileEncoding = 4; lastKnownFileType = sourcecode.swift; path = KeyboardLayoutConstraint.swift; sourceTree = "<group>"; };
		78397B62206D145800621B28 /* LoadingView.swift */ = {isa = PBXFileReference; fileEncoding = 4; lastKnownFileType = sourcecode.swift; path = LoadingView.swift; sourceTree = "<group>"; };
		78397B63206D145800621B28 /* LoadingView.xib */ = {isa = PBXFileReference; fileEncoding = 4; lastKnownFileType = file.xib; path = LoadingView.xib; sourceTree = "<group>"; };
		78397B64206D145800621B28 /* Misc.swift */ = {isa = PBXFileReference; fileEncoding = 4; lastKnownFileType = sourcecode.swift; path = Misc.swift; sourceTree = "<group>"; };
		78397B65206D145800621B28 /* SoundPlayer.swift */ = {isa = PBXFileReference; fileEncoding = 4; lastKnownFileType = sourcecode.swift; path = SoundPlayer.swift; sourceTree = "<group>"; };
		78397B67206D145800621B28 /* Spring.swift */ = {isa = PBXFileReference; fileEncoding = 4; lastKnownFileType = sourcecode.swift; path = Spring.swift; sourceTree = "<group>"; };
		78397B68206D145800621B28 /* SpringAnimation.swift */ = {isa = PBXFileReference; fileEncoding = 4; lastKnownFileType = sourcecode.swift; path = SpringAnimation.swift; sourceTree = "<group>"; };
		78397B69206D145800621B28 /* SpringButton.swift */ = {isa = PBXFileReference; fileEncoding = 4; lastKnownFileType = sourcecode.swift; path = SpringButton.swift; sourceTree = "<group>"; };
		78397B6A206D145800621B28 /* SpringImageView.swift */ = {isa = PBXFileReference; fileEncoding = 4; lastKnownFileType = sourcecode.swift; path = SpringImageView.swift; sourceTree = "<group>"; };
		78397B6B206D145800621B28 /* SpringLabel.swift */ = {isa = PBXFileReference; fileEncoding = 4; lastKnownFileType = sourcecode.swift; path = SpringLabel.swift; sourceTree = "<group>"; };
		78397B6C206D145800621B28 /* SpringTextField.swift */ = {isa = PBXFileReference; fileEncoding = 4; lastKnownFileType = sourcecode.swift; path = SpringTextField.swift; sourceTree = "<group>"; };
		78397B6D206D145800621B28 /* SpringTextView.swift */ = {isa = PBXFileReference; fileEncoding = 4; lastKnownFileType = sourcecode.swift; path = SpringTextView.swift; sourceTree = "<group>"; };
		78397B6E206D145800621B28 /* SpringView.swift */ = {isa = PBXFileReference; fileEncoding = 4; lastKnownFileType = sourcecode.swift; path = SpringView.swift; sourceTree = "<group>"; };
		78397B6F206D145800621B28 /* TransitionManager.swift */ = {isa = PBXFileReference; fileEncoding = 4; lastKnownFileType = sourcecode.swift; path = TransitionManager.swift; sourceTree = "<group>"; };
		78397B70206D145800621B28 /* TransitionZoom.swift */ = {isa = PBXFileReference; fileEncoding = 4; lastKnownFileType = sourcecode.swift; path = TransitionZoom.swift; sourceTree = "<group>"; };
		78397B71206D145800621B28 /* UnwindSegue.swift */ = {isa = PBXFileReference; fileEncoding = 4; lastKnownFileType = sourcecode.swift; path = UnwindSegue.swift; sourceTree = "<group>"; };
		78819B061F93FFFD008B6811 /* KJVQuotes.app */ = {isa = PBXFileReference; explicitFileType = wrapper.application; includeInIndex = 0; path = KJVQuotes.app; sourceTree = BUILT_PRODUCTS_DIR; };
		78819B091F93FFFD008B6811 /* AppDelegate.swift */ = {isa = PBXFileReference; lastKnownFileType = sourcecode.swift; path = AppDelegate.swift; sourceTree = "<group>"; };
		78819B0B1F93FFFD008B6811 /* ViewController.swift */ = {isa = PBXFileReference; lastKnownFileType = sourcecode.swift; path = ViewController.swift; sourceTree = "<group>"; };
		78819B0E1F93FFFD008B6811 /* Base */ = {isa = PBXFileReference; lastKnownFileType = file.storyboard; name = Base; path = Base.lproj/Main.storyboard; sourceTree = "<group>"; };
		78819B101F93FFFD008B6811 /* Assets.xcassets */ = {isa = PBXFileReference; lastKnownFileType = folder.assetcatalog; path = Assets.xcassets; sourceTree = "<group>"; };
		78819B131F93FFFD008B6811 /* Base */ = {isa = PBXFileReference; lastKnownFileType = file.storyboard; name = Base; path = Base.lproj/LaunchScreen.storyboard; sourceTree = "<group>"; };
		78819B151F93FFFD008B6811 /* Info.plist */ = {isa = PBXFileReference; lastKnownFileType = text.plist.xml; path = Info.plist; sourceTree = "<group>"; };
		78819B1B1F940026008B6811 /* QuoteProvider.swift */ = {isa = PBXFileReference; lastKnownFileType = sourcecode.swift; path = QuoteProvider.swift; sourceTree = "<group>"; };
		78E6C7942045CBCF006A2ECC /* bg02.jpg */ = {isa = PBXFileReference; lastKnownFileType = image.jpeg; path = bg02.jpg; sourceTree = "<group>"; };
/* End PBXFileReference section */

/* Begin PBXFrameworksBuildPhase section */
		78819B031F93FFFD008B6811 /* Frameworks */ = {
			isa = PBXFrameworksBuildPhase;
			buildActionMask = 2147483647;
			files = (
			);
			runOnlyForDeploymentPostprocessing = 0;
		};
/* End PBXFrameworksBuildPhase section */

/* Begin PBXGroup section */
		78397B53206D145800621B28 /* Spring */ = {
			isa = PBXGroup;
			children = (
				78397B54206D145800621B28 /* AsyncButton.swift */,
				78397B55206D145800621B28 /* AsyncImageView.swift */,
				78397B56206D145800621B28 /* AutoTextView.swift */,
				78397B57206D145800621B28 /* BlurView.swift */,
				78397B58206D145800621B28 /* DesignableButton.swift */,
				78397B59206D145800621B28 /* DesignableImageView.swift */,
				78397B5A206D145800621B28 /* DesignableLabel.swift */,
				78397B5B206D145800621B28 /* DesignableTabBarController.swift */,
				78397B5C206D145800621B28 /* DesignableTextField.swift */,
				78397B5D206D145800621B28 /* DesignableTextView.swift */,
				78397B5E206D145800621B28 /* DesignableView.swift */,
				78397B5F206D145800621B28 /* ImageLoader.swift */,
				78397B61206D145800621B28 /* KeyboardLayoutConstraint.swift */,
				78397B62206D145800621B28 /* LoadingView.swift */,
				78397B63206D145800621B28 /* LoadingView.xib */,
				78397B64206D145800621B28 /* Misc.swift */,
				78397B65206D145800621B28 /* SoundPlayer.swift */,
				78397B67206D145800621B28 /* Spring.swift */,
				78397B68206D145800621B28 /* SpringAnimation.swift */,
				78397B69206D145800621B28 /* SpringButton.swift */,
				78397B6A206D145800621B28 /* SpringImageView.swift */,
				78397B6B206D145800621B28 /* SpringLabel.swift */,
				78397B6C206D145800621B28 /* SpringTextField.swift */,
				78397B6D206D145800621B28 /* SpringTextView.swift */,
				78397B6E206D145800621B28 /* SpringView.swift */,
				78397B6F206D145800621B28 /* TransitionManager.swift */,
				78397B70206D145800621B28 /* TransitionZoom.swift */,
				78397B71206D145800621B28 /* UnwindSegue.swift */,
			);
			path = Spring;
			sourceTree = "<group>";
		};
		78819AFD1F93FFFD008B6811 = {
			isa = PBXGroup;
			children = (
				78397B53206D145800621B28 /* Spring */,
				78819B081F93FFFD008B6811 /* KJVQuotes */,
				78819B071F93FFFD008B6811 /* Products */,
			);
			sourceTree = "<group>";
		};
		78819B071F93FFFD008B6811 /* Products */ = {
			isa = PBXGroup;
			children = (
				78819B061F93FFFD008B6811 /* KJVQuotes.app */,
			);
			name = Products;
			sourceTree = "<group>";
		};
		78819B081F93FFFD008B6811 /* KJVQuotes */ = {
			isa = PBXGroup;
			children = (
				78E6C7942045CBCF006A2ECC /* bg02.jpg */,
				78819B091F93FFFD008B6811 /* AppDelegate.swift */,
				78819B0B1F93FFFD008B6811 /* ViewController.swift */,
				78819B1B1F940026008B6811 /* QuoteProvider.swift */,
				78819B0D1F93FFFD008B6811 /* Main.storyboard */,
				78819B101F93FFFD008B6811 /* Assets.xcassets */,
				78819B121F93FFFD008B6811 /* LaunchScreen.storyboard */,
				78819B151F93FFFD008B6811 /* Info.plist */,
			);
			path = KJVQuotes;
			sourceTree = "<group>";
		};
/* End PBXGroup section */

/* Begin PBXNativeTarget section */
		78819B051F93FFFD008B6811 /* KJVQuotes */ = {
			isa = PBXNativeTarget;
			buildConfigurationList = 78819B181F93FFFD008B6811 /* Build configuration list for PBXNativeTarget "KJVQuotes" */;
			buildPhases = (
				78819B021F93FFFD008B6811 /* Sources */,
				78819B031F93FFFD008B6811 /* Frameworks */,
				78819B041F93FFFD008B6811 /* Resources */,
			);
			buildRules = (
			);
			dependencies = (
			);
			name = KJVQuotes;
			productName = KJVQuotes;
			productReference = 78819B061F93FFFD008B6811 /* KJVQuotes.app */;
			productType = "com.apple.product-type.application";
		};
/* End PBXNativeTarget section */

/* Begin PBXProject section */
		78819AFE1F93FFFD008B6811 /* Project object */ = {
			isa = PBXProject;
			attributes = {
				LastSwiftUpdateCheck = 0900;
				LastUpgradeCheck = 0900;
				ORGANIZATIONNAME = jth4;
				TargetAttributes = {
					78819B051F93FFFD008B6811 = {
						CreatedOnToolsVersion = 9.0;
						ProvisioningStyle = Automatic;
					};
				};
			};
			buildConfigurationList = 78819B011F93FFFD008B6811 /* Build configuration list for PBXProject "KJVQuotes" */;
			compatibilityVersion = "Xcode 8.0";
			developmentRegion = en;
			hasScannedForEncodings = 0;
			knownRegions = (
				en,
				Base,
			);
			mainGroup = 78819AFD1F93FFFD008B6811;
			productRefGroup = 78819B071F93FFFD008B6811 /* Products */;
			projectDirPath = "";
			projectRoot = "";
			targets = (
				78819B051F93FFFD008B6811 /* KJVQuotes */,
			);
		};
/* End PBXProject section */

/* Begin PBXResourcesBuildPhase section */
		78819B041F93FFFD008B6811 /* Resources */ = {
			isa = PBXResourcesBuildPhase;
			buildActionMask = 2147483647;
			files = (
				78819B141F93FFFD008B6811 /* LaunchScreen.storyboard in Resources */,
				78819B111F93FFFD008B6811 /* Assets.xcassets in Resources */,
				78397B81206D145800621B28 /* LoadingView.xib in Resources */,
				78E6C7952045CBCF006A2ECC /* bg02.jpg in Resources */,
				78819B0F1F93FFFD008B6811 /* Main.storyboard in Resources */,
			);
			runOnlyForDeploymentPostprocessing = 0;
		};
/* End PBXResourcesBuildPhase section */

/* Begin PBXSourcesBuildPhase section */
		78819B021F93FFFD008B6811 /* Sources */ = {
			isa = PBXSourcesBuildPhase;
			buildActionMask = 2147483647;
			files = (
				78397B78206D145800621B28 /* DesignableLabel.swift in Sources */,
				78397B87206D145800621B28 /* SpringImageView.swift in Sources */,
				78397B74206D145800621B28 /* AutoTextView.swift in Sources */,
				78397B7D206D145800621B28 /* ImageLoader.swift in Sources */,
				78397B82206D145800621B28 /* Misc.swift in Sources */,
				78397B75206D145800621B28 /* BlurView.swift in Sources */,
				78397B8E206D145800621B28 /* UnwindSegue.swift in Sources */,
				78397B80206D145800621B28 /* LoadingView.swift in Sources */,
				78397B89206D145800621B28 /* SpringTextField.swift in Sources */,
				78397B84206D145800621B28 /* Spring.swift in Sources */,
				78819B1C1F940026008B6811 /* QuoteProvider.swift in Sources */,
				78397B83206D145800621B28 /* SoundPlayer.swift in Sources */,
				78397B7C206D145800621B28 /* DesignableView.swift in Sources */,
				78397B79206D145800621B28 /* DesignableTabBarController.swift in Sources */,
				78397B76206D145800621B28 /* DesignableButton.swift in Sources */,
				78819B0C1F93FFFD008B6811 /* ViewController.swift in Sources */,
				78397B8D206D145800621B28 /* TransitionZoom.swift in Sources */,
				78397B7A206D145800621B28 /* DesignableTextField.swift in Sources */,
				78397B8C206D145800621B28 /* TransitionManager.swift in Sources */,
				78397B88206D145800621B28 /* SpringLabel.swift in Sources */,
				78397B72206D145800621B28 /* AsyncButton.swift in Sources */,
				78397B73206D145800621B28 /* AsyncImageView.swift in Sources */,
				78397B7B206D145800621B28 /* DesignableTextView.swift in Sources */,
				78397B8B206D145800621B28 /* SpringView.swift in Sources */,
				78397B8A206D145800621B28 /* SpringTextView.swift in Sources */,
				78397B7F206D145800621B28 /* KeyboardLayoutConstraint.swift in Sources */,
				78397B86206D145800621B28 /* SpringButton.swift in Sources */,
				78397B85206D145800621B28 /* SpringAnimation.swift in Sources */,
				78397B77206D145800621B28 /* DesignableImageView.swift in Sources */,
				78819B0A1F93FFFD008B6811 /* AppDelegate.swift in Sources */,
			);
			runOnlyForDeploymentPostprocessing = 0;
		};
/* End PBXSourcesBuildPhase section */

/* Begin PBXVariantGroup section */
		78819B0D1F93FFFD008B6811 /* Main.storyboard */ = {
			isa = PBXVariantGroup;
			children = (
				78819B0E1F93FFFD008B6811 /* Base */,
			);
			name = Main.storyboard;
			sourceTree = "<group>";
		};
		78819B121F93FFFD008B6811 /* LaunchScreen.storyboard */ = {
			isa = PBXVariantGroup;
			children = (
				78819B131F93FFFD008B6811 /* Base */,
			);
			name = LaunchScreen.storyboard;
			sourceTree = "<group>";
		};
/* End PBXVariantGroup section */

/* Begin XCBuildConfiguration section */
		78819B161F93FFFD008B6811 /* Debug */ = {
			isa = XCBuildConfiguration;
			buildSettings = {
				ALWAYS_SEARCH_USER_PATHS = NO;
				CLANG_ANALYZER_NONNULL = YES;
				CLANG_ANALYZER_NUMBER_OBJECT_CONVERSION = YES_AGGRESSIVE;
				CLANG_CXX_LANGUAGE_STANDARD = "gnu++14";
				CLANG_CXX_LIBRARY = "libc++";
				CLANG_ENABLE_MODULES = YES;
				CLANG_ENABLE_OBJC_ARC = YES;
				CLANG_WARN_BLOCK_CAPTURE_AUTORELEASING = YES;
				CLANG_WARN_BOOL_CONVERSION = YES;
				CLANG_WARN_COMMA = YES;
				CLANG_WARN_CONSTANT_CONVERSION = YES;
				CLANG_WARN_DIRECT_OBJC_ISA_USAGE = YES_ERROR;
				CLANG_WARN_DOCUMENTATION_COMMENTS = YES;
				CLANG_WARN_EMPTY_BODY = YES;
				CLANG_WARN_ENUM_CONVERSION = YES;
				CLANG_WARN_INFINITE_RECURSION = YES;
				CLANG_WARN_INT_CONVERSION = YES;
				CLANG_WARN_NON_LITERAL_NULL_CONVERSION = YES;
				CLANG_WARN_OBJC_LITERAL_CONVERSION = YES;
				CLANG_WARN_OBJC_ROOT_CLASS = YES_ERROR;
				CLANG_WARN_RANGE_LOOP_ANALYSIS = YES;
				CLANG_WARN_STRICT_PROTOTYPES = YES;
				CLANG_WARN_SUSPICIOUS_MOVE = YES;
				CLANG_WARN_UNGUARDED_AVAILABILITY = YES_AGGRESSIVE;
				CLANG_WARN_UNREACHABLE_CODE = YES;
				CLANG_WARN__DUPLICATE_METHOD_MATCH = YES;
				CODE_SIGN_IDENTITY = "iPhone Developer";
				COPY_PHASE_STRIP = NO;
				DEBUG_INFORMATION_FORMAT = dwarf;
				ENABLE_STRICT_OBJC_MSGSEND = YES;
				ENABLE_TESTABILITY = YES;
				GCC_C_LANGUAGE_STANDARD = gnu11;
				GCC_DYNAMIC_NO_PIC = NO;
				GCC_NO_COMMON_BLOCKS = YES;
				GCC_OPTIMIZATION_LEVEL = 0;
				GCC_PREPROCESSOR_DEFINITIONS = (
					"DEBUG=1",
					"$(inherited)",
				);
				GCC_WARN_64_TO_32_BIT_CONVERSION = YES;
				GCC_WARN_ABOUT_RETURN_TYPE = YES_ERROR;
				GCC_WARN_UNDECLARED_SELECTOR = YES;
				GCC_WARN_UNINITIALIZED_AUTOS = YES_AGGRESSIVE;
				GCC_WARN_UNUSED_FUNCTION = YES;
				GCC_WARN_UNUSED_VARIABLE = YES;
				IPHONEOS_DEPLOYMENT_TARGET = 11.0;
				MTL_ENABLE_DEBUG_INFO = YES;
				ONLY_ACTIVE_ARCH = YES;
				SDKROOT = iphoneos;
				SWIFT_ACTIVE_COMPILATION_CONDITIONS = DEBUG;
				SWIFT_OPTIMIZATION_LEVEL = "-Onone";
			};
			name = Debug;
		};
		78819B171F93FFFD008B6811 /* Release */ = {
			isa = XCBuildConfiguration;
			buildSettings = {
				ALWAYS_SEARCH_USER_PATHS = NO;
				CLANG_ANALYZER_NONNULL = YES;
				CLANG_ANALYZER_NUMBER_OBJECT_CONVERSION = YES_AGGRESSIVE;
				CLANG_CXX_LANGUAGE_STANDARD = "gnu++14";
				CLANG_CXX_LIBRARY = "libc++";
				CLANG_ENABLE_MODULES = YES;
				CLANG_ENABLE_OBJC_ARC = YES;
				CLANG_WARN_BLOCK_CAPTURE_AUTORELEASING = YES;
				CLANG_WARN_BOOL_CONVERSION = YES;
				CLANG_WARN_COMMA = YES;
				CLANG_WARN_CONSTANT_CONVERSION = YES;
				CLANG_WARN_DIRECT_OBJC_ISA_USAGE = YES_ERROR;
				CLANG_WARN_DOCUMENTATION_COMMENTS = YES;
				CLANG_WARN_EMPTY_BODY = YES;
				CLANG_WARN_ENUM_CONVERSION = YES;
				CLANG_WARN_INFINITE_RECURSION = YES;
				CLANG_WARN_INT_CONVERSION = YES;
				CLANG_WARN_NON_LITERAL_NULL_CONVERSION = YES;
				CLANG_WARN_OBJC_LITERAL_CONVERSION = YES;
				CLANG_WARN_OBJC_ROOT_CLASS = YES_ERROR;
				CLANG_WARN_RANGE_LOOP_ANALYSIS = YES;
				CLANG_WARN_STRICT_PROTOTYPES = YES;
				CLANG_WARN_SUSPICIOUS_MOVE = YES;
				CLANG_WARN_UNGUARDED_AVAILABILITY = YES_AGGRESSIVE;
				CLANG_WARN_UNREACHABLE_CODE = YES;
				CLANG_WARN__DUPLICATE_METHOD_MATCH = YES;
				CODE_SIGN_IDENTITY = "iPhone Developer";
				COPY_PHASE_STRIP = NO;
				DEBUG_INFORMATION_FORMAT = "dwarf-with-dsym";
				ENABLE_NS_ASSERTIONS = NO;
				ENABLE_STRICT_OBJC_MSGSEND = YES;
				GCC_C_LANGUAGE_STANDARD = gnu11;
				GCC_NO_COMMON_BLOCKS = YES;
				GCC_WARN_64_TO_32_BIT_CONVERSION = YES;
				GCC_WARN_ABOUT_RETURN_TYPE = YES_ERROR;
				GCC_WARN_UNDECLARED_SELECTOR = YES;
				GCC_WARN_UNINITIALIZED_AUTOS = YES_AGGRESSIVE;
				GCC_WARN_UNUSED_FUNCTION = YES;
				GCC_WARN_UNUSED_VARIABLE = YES;
				IPHONEOS_DEPLOYMENT_TARGET = 11.0;
				MTL_ENABLE_DEBUG_INFO = NO;
				SDKROOT = iphoneos;
				SWIFT_OPTIMIZATION_LEVEL = "-Owholemodule";
				VALIDATE_PRODUCT = YES;
			};
			name = Release;
		};
		78819B191F93FFFD008B6811 /* Debug */ = {
			isa = XCBuildConfiguration;
			buildSettings = {
				ASSETCATALOG_COMPILER_APPICON_NAME = AppIcon;
				"CODE_SIGN_IDENTITY[sdk=iphoneos*]" = "iPhone Developer";
				CODE_SIGN_STYLE = Automatic;
				DEVELOPMENT_TEAM = CNKXWY3YPB;
				INFOPLIST_FILE = KJVQuotes/Info.plist;
				IPHONEOS_DEPLOYMENT_TARGET = 9.0;
				LD_RUNPATH_SEARCH_PATHS = "$(inherited) @executable_path/Frameworks";
				PRODUCT_BUNDLE_IDENTIFIER = com.jth4.KJVQuotes;
				PRODUCT_NAME = "$(TARGET_NAME)";
				PROVISIONING_PROFILE = "";
				PROVISIONING_PROFILE_SPECIFIER = "";
				SWIFT_VERSION = 4.0;
				TARGETED_DEVICE_FAMILY = 1;
			};
			name = Debug;
		};
		78819B1A1F93FFFD008B6811 /* Release */ = {
			isa = XCBuildConfiguration;
			buildSettings = {
				ASSETCATALOG_COMPILER_APPICON_NAME = AppIcon;
				"CODE_SIGN_IDENTITY[sdk=iphoneos*]" = "iPhone Developer";
				CODE_SIGN_STYLE = Automatic;
				DEVELOPMENT_TEAM = CNKXWY3YPB;
				INFOPLIST_FILE = KJVQuotes/Info.plist;
				IPHONEOS_DEPLOYMENT_TARGET = 9.0;
				LD_RUNPATH_SEARCH_PATHS = "$(inherited) @executable_path/Frameworks";
				PRODUCT_BUNDLE_IDENTIFIER = com.jth4.KJVQuotes;
				PRODUCT_NAME = "$(TARGET_NAME)";
				PROVISIONING_PROFILE = "";
				PROVISIONING_PROFILE_SPECIFIER = "";
				SWIFT_VERSION = 4.0;
				TARGETED_DEVICE_FAMILY = 1;
			};
			name = Release;
		};
/* End XCBuildConfiguration section */

/* Begin XCConfigurationList section */
		78819B011F93FFFD008B6811 /* Build configuration list for PBXProject "KJVQuotes" */ = {
			isa = XCConfigurationList;
			buildConfigurations = (
				78819B161F93FFFD008B6811 /* Debug */,
				78819B171F93FFFD008B6811 /* Release */,
			);
			defaultConfigurationIsVisible = 0;
			defaultConfigurationName = Release;
		};
		78819B181F93FFFD008B6811 /* Build configuration list for PBXNativeTarget "KJVQuotes" */ = {
			isa = XCConfigurationList;
			buildConfigurations = (
				78819B191F93FFFD008B6811 /* Debug */,
				78819B1A1F93FFFD008B6811 /* Release */,
			);
			defaultConfigurationIsVisible = 0;
			defaultConfigurationName = Release;
		};
/* End XCConfigurationList section */
	};
	rootObject = 78819AFE1F93FFFD008B6811 /* Project object */;
}
